version = 1
revision = 3
requires-python = "==3.13.*"

[[package]]
name = "hid"
version = "1.0.9"
source = { registry = "https://pypi.org/simple" }
sdist = { url = "https://files.pythonhosted.org/packages/e9/f8/0357a8aa8874a243e96d08a8568efaf7478293e1a3441ddca18039b690c1/hid-1.0.9.tar.gz", hash = "sha256:f4471f11f0e176d1b0cb1b243e55498cc90347a3aede735655304395694ac182", size = 4973, upload-time = "2026-02-05T15:35:20.595Z" }
wheels = [
    { url = "https://files.pythonhosted.org/packages/b8/c7/f0e1ad95179f44a6fc7a9140be025812cc7a62cf7390442b685a57ee1417/hid-1.0.9-py3-none-any.whl", hash = "sha256:6b9289e00bbc1e1589bec0c7f376a63fe03a4a4a1875575d0ad60e3e11a349f4", size = 4959, upload-time = "2026-02-05T15:35:19.269Z" },
]

[[package]]
name = "hid-digital-lcd-controller"
version = "1.0"
source = { editable = "." }
dependencies = [
    { name = "hid" },
    { name = "numpy" },
    { name = "psutil" },
    { name = "pyamdgpuinfo" },
]

[package.metadata]
requires-dist = [
    { name = "hid" },
    { name = "numpy" },
    { name = "psutil" },
    { name = "pyamdgpuinfo" },
]

[[package]]
name = "numpy"
version = "2.4.2"
source = { registry = "https://pypi.org/simple" }
sdist = { url = "https://files.pythonhosted.org/packages/57/fd/0005efbd0af48e55eb3c7208af93f2862d4b1a56cd78e84309a2d959208d/numpy-2.4.2.tar.gz", hash = "sha256:659a6107e31a83c4e33f763942275fd278b21d095094044eb35569e86a21ddae", size = 20723651, upload-time = "2026-01-31T23:13:10.135Z" }
wheels = [
    { url = "https://files.pythonhosted.org/packages/a1/22/815b9fe25d1d7ae7d492152adbc7226d3eff731dffc38fe970589fcaaa38/numpy-2.4.2-cp313-cp313-macosx_10_13_x86_64.whl", hash = "sha256:25f2059807faea4b077a2b6837391b5d830864b3543627f381821c646f31a63c", size = 16663696, upload-time = "2026-01-31T23:11:17.516Z" },
    { url = "https://files.pythonhosted.org/packages/09/f0/817d03a03f93ba9c6c8993de509277d84e69f9453601915e4a69554102a1/numpy-2.4.2-cp313-cp313-macosx_11_0_arm64.whl", hash = "sha256:bd3a7a9f5847d2fb8c2c6d1c862fa109c31a9abeca1a3c2bd5a64572955b2979", size = 14688322, upload-time = "2026-01-31T23:11:19.883Z" },
    { url = "https://files.pythonhosted.org/packages/da/b4/f805ab79293c728b9a99438775ce51885fd4f31b76178767cfc718701a39/numpy-2.4.2-cp313-cp313-macosx_14_0_arm64.whl", hash = "sha256:8e4549f8a3c6d13d55041925e912bfd834285ef1dd64d6bc7d542583355e2e98", size = 5198157, upload-time = "2026-01-31T23:11:22.375Z" },
    { url = "https://files.pythonhosted.org/packages/74/09/826e4289844eccdcd64aac27d13b0fd3f32039915dd5b9ba01baae1f436c/numpy-2.4.2-cp313-cp313-macosx_14_0_x86_64.whl", hash = "sha256:aea4f66ff44dfddf8c2cffd66ba6538c5ec67d389285292fe428cb2c738c8aef", size = 6546330, upload-time = "2026-01-31T23:11:23.958Z" },
    { url = "https://files.pythonhosted.org/packages/19/fb/cbfdbfa3057a10aea5422c558ac57538e6acc87ec1669e666d32ac198da7/numpy-2.4.2-cp313-cp313-manylinux_2_27_aarch64.manylinux_2_28_aarch64.whl", hash = "sha256:c3cd545784805de05aafe1dde61752ea49a359ccba9760c1e5d1c88a93bbf2b7", size = 15660968, upload-time = "2026-01-31T23:11:25.713Z" },
    { url = "https://files.pythonhosted.org/packages/04/dc/46066ce18d01645541f0186877377b9371b8fa8017fa8262002b4ef22612/numpy-2.4.2-cp313-cp313-manylinux_2_27_x86_64.manylinux_2_28_x86_64.whl", hash = "sha256:d0d9b7c93578baafcbc5f0b83eaf17b79d345c6f36917ba0c67f45226911d499", size = 16607311, upload-time = "2026-01-31T23:11:28.117Z" },
    { url = "https://files.pythonhosted.org/packages/14/d9/4b5adfc39a43fa6bf918c6d544bc60c05236cc2f6339847fc5b35e6cb5b0/numpy-2.4.2-cp313-cp313-musllinux_1_2_aarch64.whl", hash = "sha256:f74f0f7779cc7ae07d1810aab8ac6b1464c3eafb9e283a40da7309d5e6e48fbb", size = 17012850, upload-time = "2026-01-31T23:11:30.888Z" },
    { url = "https://files.pythonhosted.org/packages/b7/20/adb6e6adde6d0130046e6fdfb7675cc62bc2f6b7b02239a09eb58435753d/numpy-2.4.2-cp313-cp313-musllinux_1_2_x86_64.whl", hash = "sha256:c7ac672d699bf36275c035e16b65539931347d68b70667d28984c9fb34e07fa7", size = 18334210, upload-time = "2026-01-31T23:11:33.214Z" },
    { url = "https://files.pythonhosted.org/packages/78/0e/0a73b3dff26803a8c02baa76398015ea2a5434d9b8265a7898a6028c1591/numpy-2.4.2-cp313-cp313-win32.whl", hash = "sha256:8e9afaeb0beff068b4d9cd20d322ba0ee1cecfb0b08db145e4ab4dd44a6b5110", size = 5958199, upload-time = "2026-01-31T23:11:35.385Z" },
    { url = "https://files.pythonhosted.org/packages/43/bc/6352f343522fcb2c04dbaf94cb30cca6fd32c1a750c06ad6231b4293708c/numpy-2.4.2-cp313-cp313-win_amd64.whl", hash = "sha256:7df2de1e4fba69a51c06c28f5a3de36731eb9639feb8e1cf7e4a7b0daf4cf622", size = 12310848, upload-time = "2026-01-31T23:11:38.001Z" },
    { url = "https://files.pythonhosted.org/packages/6e/8d/6da186483e308da5da1cc6918ce913dcfe14ffde98e710bfeff2a6158d4e/numpy-2.4.2-cp313-cp313-win_arm64.whl", hash = "sha256:0fece1d1f0a89c16b03442eae5c56dc0be0c7883b5d388e0c03f53019a4bfd71", size = 10221082, upload-time = "2026-01-31T23:11:40.392Z" },
    { url = "https://files.pythonhosted.org/packages/25/a1/9510aa43555b44781968935c7548a8926274f815de42ad3997e9e83680dd/numpy-2.4.2-cp313-cp313t-macosx_11_0_arm64.whl", hash = "sha256:5633c0da313330fd20c484c78cdd3f9b175b55e1a766c4a174230c6b70ad8262", size = 14815866, upload-time = "2026-01-31T23:11:42.495Z" },
    { url = "https://files.pythonhosted.org/packages/36/30/6bbb5e76631a5ae46e7923dd16ca9d3f1c93cfa8d4ed79a129814a9d8db3/numpy-2.4.2-cp313-cp313t-macosx_14_0_arm64.whl", hash = "sha256:d9f64d786b3b1dd742c946c42d15b07497ed14af1a1f3ce840cce27daa0ce913", size = 5325631, upload-time = "2026-01-31T23:11:44.7Z" },
    { url = "https://files.pythonhosted.org/packages/46/00/3a490938800c1923b567b3a15cd17896e68052e2145d8662aaf3e1ffc58f/numpy-2.4.2-cp313-cp313t-macosx_14_0_x86_64.whl", hash = "sha256:b21041e8cb6a1eb5312dd1d2f80a94d91efffb7a06b70597d44f1bd2dfc315ab", size = 6646254, upload-time = "2026-01-31T23:11:46.341Z" },
    { url = "https://files.pythonhosted.org/packages/d3/e9/fac0890149898a9b609caa5af7455a948b544746e4b8fe7c212c8edd71f8/numpy-2.4.2-cp313-cp313t-manylinux_2_27_aarch64.manylinux_2_28_aarch64.whl", hash = "sha256:00ab83c56211a1d7c07c25e3217ea6695e50a3e2f255053686b081dc0b091a82", size = 15720138, upload-time = "2026-01-31T23:11:48.082Z" },
    { url = "https://files.pythonhosted.org/packages/ea/5c/08887c54e68e1e28df53709f1893ce92932cc6f01f7c3d4dc952f61ffd4e/numpy-2.4.2-cp313-cp313t-manylinux_2_27_x86_64.manylinux_2_28_x86_64.whl", hash = "sha256:2fb882da679409066b4603579619341c6d6898fc83a8995199d5249f986e8e8f", size = 16655398, upload-time = "2026-01-31T23:11:50.293Z" },
    { url = "https://files.pythonhosted.org/packages/4d/89/253db0fa0e66e9129c745e4ef25631dc37d5f1314dad2b53e907b8538e6d/numpy-2.4.2-cp313-cp313t-musllinux_1_2_aarch64.whl", hash = "sha256:66cb9422236317f9d44b67b4d18f44efe6e9c7f8794ac0462978513359461554", size = 17079064, upload-time = "2026-01-31T23:11:52.927Z" },
    { url = "https://files.pythonhosted.org/packages/2a/d5/cbade46ce97c59c6c3da525e8d95b7abe8a42974a1dc5c1d489c10433e88/numpy-2.4.2-cp313-cp313t-musllinux_1_2_x86_64.whl", hash = "sha256:0f01dcf33e73d80bd8dc0f20a71303abbafa26a19e23f6b68d1aa9990af90257", size = 18379680, upload-time = "2026-01-31T23:11:55.22Z" },
    { url = "https://files.pythonhosted.org/packages/40/62/48f99ae172a4b63d981babe683685030e8a3df4f246c893ea5c6ef99f018/numpy-2.4.2-cp313-cp313t-win32.whl", hash = "sha256:52b913ec40ff7ae845687b0b34d8d93b60cb66dcee06996dd5c99f2fc9328657", size = 6082433, upload-time = "2026-01-31T23:11:58.096Z" },
    { url = "https://files.pythonhosted.org/packages/07/38/e054a61cfe48ad9f1ed0d188e78b7e26859d0b60ef21cd9de4897cdb5326/numpy-2.4.2-cp313-cp313t-win_amd64.whl", hash = "sha256:5eea80d908b2c1f91486eb95b3fb6fab187e569ec9752ab7d9333d2e66bf2d6b", size = 12451181, upload-time = "2026-01-31T23:11:59.782Z" },
    { url = "https://files.pythonhosted.org/packages/6e/a4/a05c3a6418575e185dd84d0b9680b6bb2e2dc3e4202f036b7b4e22d6e9dc/numpy-2.4.2-cp313-cp313t-win_arm64.whl", hash = "sha256:fd49860271d52127d61197bb50b64f58454e9f578cb4b2c001a6de8b1f50b0b1", size = 10290756, upload-time = "2026-01-31T23:12:02.438Z" },
]

[[package]]
name = "psutil"
version = "7.2.2"
source = { registry = "https://pypi.org/simple" }
sdist = { url = "https://files.pythonhosted.org/packages/aa/c6/d1ddf4abb55e93cebc4f2ed8b5d6dbad109ecb8d63748dd2b20ab5e57ebe/psutil-7.2.2.tar.gz", hash = "sha256:0746f5f8d406af344fd547f1c8daa5f5c33dbc293bb8d6a16d80b4bb88f59372", size = 493740, upload-time = "2026-01-28T18:14:54.428Z" }
wheels = [
    { url = "https://files.pythonhosted.org/packages/51/08/510cbdb69c25a96f4ae523f733cdc963ae654904e8db864c07585ef99875/psutil-7.2.2-cp313-cp313t-macosx_10_13_x86_64.whl", hash = "sha256:2edccc433cbfa046b980b0df0171cd25bcaeb3a68fe9022db0979e7aa74a826b", size = 130595, upload-time = "2026-01-28T18:14:57.293Z" },
    { url = "https://files.pythonhosted.org/packages/d6/f5/97baea3fe7a5a9af7436301f85490905379b1c6f2dd51fe3ecf24b4c5fbf/psutil-7.2.2-cp313-cp313t-macosx_11_0_arm64.whl", hash = "sha256:e78c8603dcd9a04c7364f1a3e670cea95d51ee865e4efb3556a3a63adef958ea", size = 131082, upload-time = "2026-01-28T18:14:59.732Z" },
    { url = "https://files.pythonhosted.org/packages/37/d6/246513fbf9fa174af531f28412297dd05241d97a75911ac8febefa1a53c6/psutil-7.2.2-cp313-cp313t-manylinux2010_x86_64.manylinux_2_12_x86_64.manylinux_2_28_x86_64.whl", hash = "sha256:1a571f2330c966c62aeda00dd24620425d4b0cc86881c89861fbc04549e5dc63", size = 181476, upload-time = "2026-01-28T18:15:01.884Z" },
    { url = "https://files.pythonhosted.org/packages/b8/b5/9182c9af3836cca61696dabe4fd1304e17bc56cb62f17439e1154f225dd3/psutil-7.2.2-cp313-cp313t-manylinux2014_aarch64.manylinux_2_17_aarch64.manylinux_2_28_aarch64.whl", hash = "sha256:917e891983ca3c1887b4ef36447b1e0873e70c933afc831c6b6da078ba474312", size = 184062, upload-time = "2026-01-28T18:15:04.436Z" },
    { url = "https://files.pythonhosted.org/packages/16/ba/0756dca669f5a9300d0cbcbfae9a4c30e446dfc7440ffe43ded5724bfd93/psutil-7.2.2-cp313-cp313t-win_amd64.whl", hash = "sha256:ab486563df44c17f5173621c7b198955bd6b613fb87c71c161f827d3fb149a9b", size = 139893, upload-time = "2026-01-28T18:15:06.378Z" },
    { url = "https://files.pythonhosted.org/packages/1c/61/8fa0e26f33623b49949346de05ec1ddaad02ed8ba64af45f40a147dbfa97/psutil-7.2.2-cp313-cp313t-win_arm64.whl", hash = "sha256:ae0aefdd8796a7737eccea863f80f81e468a1e4cf14d926bd9b6f5f2d5f90ca9", size = 135589, upload-time = "2026-01-28T18:15:08.03Z" },
    { url = "https://files.pythonhosted.org/packages/e7/36/5ee6e05c9bd427237b11b3937ad82bb8ad2752d72c6969314590dd0c2f6e/psutil-7.2.2-cp36-abi3-macosx_10_9_x86_64.whl", hash = "sha256:ed0cace939114f62738d808fdcecd4c869222507e266e574799e9c0faa17d486", size = 129090, upload-time = "2026-01-28T18:15:22.168Z" },
    { url = "https://files.pythonhosted.org/packages/80/c4/f5af4c1ca8c1eeb2e92ccca14ce8effdeec651d5ab6053c589b074eda6e1/psutil-7.2.2-cp36-abi3-macosx_11_0_arm64.whl", hash = "sha256:1a7b04c10f32cc88ab39cbf606e117fd74721c831c98a27dc04578deb0c16979", size = 129859, upload-time = "2026-01-28T18:15:23.795Z" },
    { url = "https://files.pythonhosted.org/packages/b5/70/5d8df3b09e25bce090399cf48e452d25c935ab72dad19406c77f4e828045/psutil-7.2.2-cp36-abi3-manylinux2010_x86_64.manylinux_2_12_x86_64.manylinux_2_28_x86_64.whl", hash = "sha256:076a2d2f923fd4821644f5ba89f059523da90dc9014e85f8e45a5774ca5bc6f9", size = 155560, upload-time = "2026-01-28T18:15:25.976Z" },
    { url = "https://files.pythonhosted.org/packages/63/65/37648c0c158dc222aba51c089eb3bdfa238e621674dc42d48706e639204f/psutil-7.2.2-cp36-abi3-manylinux2014_aarch64.manylinux_2_17_aarch64.manylinux_2_28_aarch64.whl", hash = "sha256:b0726cecd84f9474419d67252add4ac0cd9811b04d61123054b9fb6f57df6e9e", size = 156997, upload-time = "2026-01-28T18:15:27.794Z" },
    { url = "https://files.pythonhosted.org/packages/8e/13/125093eadae863ce03c6ffdbae9929430d116a246ef69866dad94da3bfbc/psutil-7.2.2-cp36-abi3-musllinux_1_2_aarch64.whl", hash = "sha256:fd04ef36b4a6d599bbdb225dd1d3f51e00105f6d48a28f006da7f9822f2606d8", size = 148972, upload-time = "2026-01-28T18:15:29.342Z" },
    { url = "https://files.pythonhosted.org/packages/04/78/0acd37ca84ce3ddffaa92ef0f571e073faa6d8ff1f0559ab1272188ea2be/psutil-7.2.2-cp36-abi3-musllinux_1_2_x86_64.whl", hash = "sha256:b58fabe35e80b264a4e3bb23e6b96f9e45a3df7fb7eed419ac0e5947c61e47cc", size = 148266, upload-time = "2026-01-28T18:15:31.597Z" },
    { url = "https://files.pythonhosted.org/packages/b4/90/e2159492b5426be0c1fef7acba807a03511f97c5f86b3caeda6ad92351a7/psutil-7.2.2-cp37-abi3-win_amd64.whl", hash = "sha256:eb7e81434c8d223ec4a219b5fc1c47d0417b12be7ea866e24fb5ad6e84b3d988", size = 137737, upload-time = "2026-01-28T18:15:33.849Z" },
    { url = "https://files.pythonhosted.org/packages/8c/c7/7bb2e321574b10df20cbde462a94e2b71d05f9bbda251ef27d104668306a/psutil-7.2.2-cp37-abi3-win_arm64.whl", hash = "sha256:8c233660f575a5a89e6d4cb65d9f938126312bca76d8fe087b947b3a1aaac9ee", size = 134617, upload-time = "2026-01-28T18:15:36.514Z" },
]

[[package]]
name = "pyamdgpuinfo"
version = "2.1.7"
source = { registry = "https://pypi.org/simple" }
sdist = { url = "https://files.pythonhosted.org/packages/80/15/2ff925c0776c7a2aaab3d03b0e477d1a24b0637600b7e2e928cbcc25034f/pyamdgpuinfo-2.1.7.tar.gz", hash = "sha256:95b4f5618c3271f95edef8e10ddaf89a13a0d1edbb03bdd05d8f4a930aa125b0", size = 21905, upload-time = "2025-04-05T22:49:23.691Z" }
wheels = [
    { url = "https://files.pythonhosted.org/packages/ac/0f/ebe07dd55023e7f08a3357d821c299df21bdd143f4307c62259c14b8a090/pyamdgpuinfo-2.1.7-cp313-cp313-manylinux_2_17_x86_64.manylinux2014_x86_64.whl", hash = "sha256:86aa72b64d9a483e5a05aea8424f88145b1d5494a3239402a347a016d77149a7", size = 360138, upload-time = "2025-04-05T22:52:58.279Z" },
    { url = "https://files.pythonhosted.org/packages/f8/9d/9006c0cd671b1b204fd6c0c248871c07af024a73e51f52eaf3750cfd286e/pyamdgpuinfo-2.1.7-cp313-cp313-musllinux_1_2_x86_64.whl", hash = "sha256:943b7d7e3a143dda0ea4d198c9ff4d4e4a55ef32f4b2643de9eb4b2d5f14f6e4", size = 364592, upload-time = "2025-04-05T22:52:59.785Z" },
]
